
Microsoft Visual Studio Solution File, Format Version 12.00
# Visual Studio Version 17
VisualStudioVersion = 17.8.34525.116
MinimumVisualStudioVersion = 10.0.40219.1
Project("{FAE04EC0-301F-11D3-BF4B-00C04F79EFBC}") = "DiscordBotTemplate", "DiscordBotTemplate\DiscordBotTemplate.csproj", "{14DCB3BD-079D-4745-9142-0D0DB74FA41E}"
EndProject
Project("{FAE04EC0-301F-11D3-BF4B-00C04F79EFBC}") = "Common", "Common\Common.csproj", "{89738383-1ABC-4479-ABCA-1CAD376E8855}"
EndProject
Project("{FAE04EC0-301F-11D3-BF4B-00C04F79EFBC}") = "Services", "Services\Services.csproj", "{ADB5B503-8F5F-495C-A1F8-C938FC7B6B9E}"
EndProject
Global
	GlobalSection(SolutionConfigurationPlatforms) = preSolution
		Debug|Any CPU = Debug|Any CPU
		Release|Any CPU = Release|Any CPU
	EndGlobalSection
	GlobalSection(ProjectConfigurationPlatforms) = postSolution
		{14DCB3BD-079D-4745-9142-0D0DB74FA41E}.Debug|Any CPU.ActiveCfg = Debug|Any CPU
		{14DCB3BD-079D-4745-9142-0D0DB74FA41E}.Debug|Any CPU.Build.0 = Debug|Any CPU
		{14DCB3BD-079D-4745-9142-0D0DB74FA41E}.Release|Any CPU.ActiveCfg = Release|Any CPU
		{14DCB3BD-079D-4745-9142-0D0DB74FA41E}.Release|Any CPU.Build.0 = Release|Any CPU
		{89738383-1ABC-4479-ABCA-1CAD376E8855}.Debug|Any CPU.ActiveCfg = Debug|Any CPU
		{89738383-1ABC-4479-ABCA-1CAD376E8855}.Debug|Any CPU.Build.0 = Debug|Any CPU
		{89738383-1ABC-4479-ABCA-1CAD376E8855}.Release|Any CPU.ActiveCfg = Release|Any CPU
		{89738383-1ABC-4479-ABCA-1CAD376E8855}.Release|Any CPU.Build.0 = Release|Any CPU
		{ADB5B503-8F5F-495C-A1F8-C938FC7B6B9E}.Debug|Any CPU.ActiveCfg = Debug|Any CPU
		{ADB5B503-8F5F-495C-A1F8-C938FC7B6B9E}.Debug|Any CPU.Build.0 = Debug|Any CPU
		{ADB5B503-8F5F-495C-A1F8-C938FC7B6B9E}.Release|Any CPU.ActiveCfg = Release|Any CPU
		{ADB5B503-8F5F-495C-A1F8-C938FC7B6B9E}.Release|Any CPU.Build.0 = Release|Any CPU
	EndGlobalSection
	GlobalSection(SolutionProperties) = preSolution
		HideSolutionNode = FALSE
	EndGlobalSection
	GlobalSection(ExtensibilityGlobals) = postSolution
		SolutionGuid = {4D3F2BF7-732A-4C03-8766-1CCB9DE90E32}
	EndGlobalSection
EndGlobal
